# This file is generated by running "yarn install" inside your project.
# Manual changes might be lost - proceed with caution!

__metadata:
  version: 8
  cacheKey: 10

"corepack@npm:^0.34.1":
  version: 0.34.1
  resolution: "corepack@npm:0.34.1"
  bin:
    corepack: ./dist/corepack.js
    pnpm: ./dist/pnpm.js
    pnpx: ./dist/pnpx.js
    yarn: ./dist/yarn.js
    yarnpkg: ./dist/yarnpkg.js
  checksum: 10/fb6eb8b9d9acd6c1a170ceccf5f77a593cc4665f039b3df180e335838d39beb939507fb489b18dc3ddb3b931e9fee81aefcdd295b760f0c264618226d7651de0
  languageName: node
  linkType: hard

"debug@npm:^4.3.7":
  version: 4.4.3
  resolution: "debug@npm:4.4.3"
  dependencies:
    ms: "npm:^2.1.3"
  peerDependenciesMeta:
    supports-color:
      optional: true
  checksum: 10/9ada3434ea2993800bd9a1e320bd4aa7af69659fb51cca685d390949434bc0a8873c21ed7c9b852af6f2455a55c6d050aa3937d52b3c69f796dab666f762acad
  languageName: node
  linkType: hard

"ms@npm:^2.1.3":
  version: 2.1.3
  resolution: "ms@npm:2.1.3"
  checksum: 10/aa92de608021b242401676e35cfa5aa42dd70cbdc082b916da7fb925c542173e36bce97ea3e804923fe92c0ad991434e4a38327e15a1b5b5f945d66df615ae6d
  languageName: node
  linkType: hard

"my-app@workspace:packages/my-app":
  version: 0.0.0-use.local
  resolution: "my-app@workspace:packages/my-app"
  dependencies:
    my-library: "workspace:*"
  languageName: unknown
  linkType: soft

"my-library@workspace:*, my-library@workspace:packages/my-library":
  version: 0.0.0-use.local
  resolution: "my-library@workspace:packages/my-library"
  dependencies:
    debug: "npm:^4.3.7"
  languageName: unknown
  linkType: soft

"pnp-demo@workspace:.":
  version: 0.0.0-use.local
  resolution: "pnp-demo@workspace:."
  dependencies:
    corepack: "npm:^0.34.1"
  languageName: unknown
  linkType: soft

"supports-color@npm:*":
  version: 10.2.2
  resolution: "supports-color@npm:10.2.2"
  checksum: 10/bd132705fc07213a4024131fb061f0a46a48b49ecaf434bb029c0a5aa0339b969236d496d63969e3c248a90fdcac16d4f9c5bf187e7be0bfb5e804ed13bef6b0
  languageName: node
  linkType: hard
